
Microsoft Visual Studio Solution File, Format Version 12.00
# Visual Studio Version 17
VisualStudioVersion = 17.4.33213.308
MinimumVisualStudioVersion = 10.0.40219.1
Project("{9A19103F-16F7-4668-BE54-9A1E7A4F7556}") = "Assigment", "Assigment.csproj", "{533C0BC3-F91B-46E8-97AD-26EBBC6B8560}"
EndProject
Global
	GlobalSection(SolutionConfigurationPlatforms) = preSolution
		Debug|Any CPU = Debug|Any CPU
		Release|Any CPU = Release|Any CPU
	EndGlobalSection
	GlobalSection(ProjectConfigurationPlatforms) = postSolution
		{533C0BC3-F91B-46E8-97AD-26EBBC6B8560}.Debug|Any CPU.ActiveCfg = Debug|Any CPU
		{533C0BC3-F91B-46E8-97AD-26EBBC6B8560}.Debug|Any CPU.Build.0 = Debug|Any CPU
		{533C0BC3-F91B-46E8-97AD-26EBBC6B8560}.Release|Any CPU.ActiveCfg = Release|Any CPU
		{533C0BC3-F91B-46E8-97AD-26EBBC6B8560}.Release|Any CPU.Build.0 = Release|Any CPU
	EndGlobalSection
	GlobalSection(SolutionProperties) = preSolution
		HideSolutionNode = FALSE
	EndGlobalSection
	GlobalSection(ExtensibilityGlobals) = postSolution
		SolutionGuid = {CE261D30-9103-4E27-B6C1-52164CFA97A0}
	EndGlobalSection
EndGlobal
